
Microsoft Visual Studio Solution File, Format Version 12.00
# Visual Studio Version 16
VisualStudioVersion = 16.0.29911.84
MinimumVisualStudioVersion = 10.0.40219.1
Project("{FAE04EC0-301F-11D3-BF4B-00C04F79EFBC}") = "HashApp", "HashApp\HashApp.csproj", "{0B7B403A-020A-4129-9E2A-D1A0B1244328}"
EndProject
Global
	GlobalSection(SolutionConfigurationPlatforms) = preSolution
		Debug|Any CPU = Debug|Any CPU
		Release|Any CPU = Release|Any CPU
	EndGlobalSection
	GlobalSection(ProjectConfigurationPlatforms) = postSolution
		{0B7B403A-020A-4129-9E2A-D1A0B1244328}.Debug|Any CPU.ActiveCfg = Debug|Any CPU
		{0B7B403A-020A-4129-9E2A-D1A0B1244328}.Debug|Any CPU.Build.0 = Debug|Any CPU
		{0B7B403A-020A-4129-9E2A-D1A0B1244328}.Release|Any CPU.ActiveCfg = Release|Any CPU
		{0B7B403A-020A-4129-9E2A-D1A0B1244328}.Release|Any CPU.Build.0 = Release|Any CPU
	EndGlobalSection
	GlobalSection(SolutionProperties) = preSolution
		HideSolutionNode = FALSE
	EndGlobalSection
	GlobalSection(ExtensibilityGlobals) = postSolution
		SolutionGuid = {105FC607-34B4-4BD9-BD8F-4C84D518B5C5}
	EndGlobalSection
EndGlobal
